// !$*UTF8*$!
{
	archiveVersion = 1;
	classes = {
	};
	objectVersion = 77;
	objects = {

/* Begin PBXBuildFile section */
		C64FCFFF2DEDE79800D86FE1 /* StreamChat in Frameworks */ = {isa = PBXBuildFile; productRef = C64FCFFE2DEDE79800D86FE1 /* StreamChat */; };
		C64FD0012DEDE79800D86FE1 /* StreamChatUI in Frameworks */ = {isa = PBXBuildFile; productRef = C64FD0002DEDE79800D86FE1 /* StreamChatUI */; };
/* End PBXBuildFile section */

/* Begin PBXContainerItemProxy section */
		C60193092DEDE0DE00F0C948 /* PBXContainerItemProxy */ = {
			isa = PBXContainerItemProxy;
			containerPortal = C60192F32DEDE0DC00F0C948 /* Project object */;
			proxyType = 1;
			remoteGlobalIDString = C60192FA2DEDE0DC00F0C948;
			remoteInfo = AccentColorBug;
		};
		C60193132DEDE0DE00F0C948 /* PBXContainerItemProxy */ = {
			isa = PBXContainerItemProxy;
			containerPortal = C60192F32DEDE0DC00F0C948 /* Project object */;
			proxyType = 1;
			remoteGlobalIDString = C60192FA2DEDE0DC00F0C948;
			remoteInfo = AccentColorBug;
		};
/* End PBXContainerItemProxy section */

/* Begin PBXFileReference section */
		C60192FB2DEDE0DC00F0C948 /* AccentColorBug.app */ = {isa = PBXFileReference; explicitFileType = wrapper.application; includeInIndex = 0; path = AccentColorBug.app; sourceTree = BUILT_PRODUCTS_DIR; };
		C60193082DEDE0DE00F0C948 /* AccentColorBugTests.xctest */ = {isa = PBXFileReference; explicitFileType = wrapper.cfbundle; includeInIndex = 0; path = AccentColorBugTests.xctest; sourceTree = BUILT_PRODUCTS_DIR; };
		C60193122DEDE0DE00F0C948 /* AccentColorBugUITests.xctest */ = {isa = PBXFileReference; explicitFileType = wrapper.cfbundle; includeInIndex = 0; path = AccentColorBugUITests.xctest; sourceTree = BUILT_PRODUCTS_DIR; };
/* End PBXFileReference section */

/* Begin PBXFileSystemSynchronizedRootGroup section */
		C60192FD2DEDE0DC00F0C948 /* AccentColorBug */ = {
			isa = PBXFileSystemSynchronizedRootGroup;
			path = AccentColorBug;
			sourceTree = "<group>";
		};
		C601930B2DEDE0DE00F0C948 /* AccentColorBugTests */ = {
			isa = PBXFileSystemSynchronizedRootGroup;
			path = AccentColorBugTests;
			sourceTree = "<group>";
		};
		C60193152DEDE0DE00F0C948 /* AccentColorBugUITests */ = {
			isa = PBXFileSystemSynchronizedRootGroup;
			path = AccentColorBugUITests;
			sourceTree = "<group>";
		};
/* End PBXFileSystemSynchronizedRootGroup section */

/* Begin PBXFrameworksBuildPhase section */
		C60192F82DEDE0DC00F0C948 /* Frameworks */ = {
			isa = PBXFrameworksBuildPhase;
			buildActionMask = 2147483647;
			files = (
				C64FD0012DEDE79800D86FE1 /* StreamChatUI in Frameworks */,
				C64FCFFF2DEDE79800D86FE1 /* StreamChat in Frameworks */,
			);
			runOnlyForDeploymentPostprocessing = 0;
		};
		C60193052DEDE0DE00F0C948 /* Frameworks */ = {
			isa = PBXFrameworksBuildPhase;
			buildActionMask = 2147483647;
			files = (
			);
			runOnlyForDeploymentPostprocessing = 0;
		};
		C601930F2DEDE0DE00F0C948 /* Frameworks */ = {
			isa = PBXFrameworksBuildPhase;
			buildActionMask = 2147483647;
			files = (
			);
			runOnlyForDeploymentPostprocessing = 0;
		};
/* End PBXFrameworksBuildPhase section */

/* Begin PBXGroup section */
		C60192F22DEDE0DC00F0C948 = {
			isa = PBXGroup;
			children = (
				C60192FD2DEDE0DC00F0C948 /* AccentColorBug */,
				C601930B2DEDE0DE00F0C948 /* AccentColorBugTests */,
				C60193152DEDE0DE00F0C948 /* AccentColorBugUITests */,
				C64FCFFD2DEDE79800D86FE1 /* Frameworks */,
				C60192FC2DEDE0DC00F0C948 /* Products */,
			);
			sourceTree = "<group>";
		};
		C60192FC2DEDE0DC00F0C948 /* Products */ = {
			isa = PBXGroup;
			children = (
				C60192FB2DEDE0DC00F0C948 /* AccentColorBug.app */,
				C60193082DEDE0DE00F0C948 /* AccentColorBugTests.xctest */,
				C60193122DEDE0DE00F0C948 /* AccentColorBugUITests.xctest */,
			);
			name = Products;
			sourceTree = "<group>";
		};
		C64FCFFD2DEDE79800D86FE1 /* Frameworks */ = {
			isa = PBXGroup;
			children = (
			);
			name = Frameworks;
			sourceTree = "<group>";
		};
/* End PBXGroup section */

/* Begin PBXNativeTarget section */
		C60192FA2DEDE0DC00F0C948 /* AccentColorBug */ = {
			isa = PBXNativeTarget;
			buildConfigurationList = C601931C2DEDE0DE00F0C948 /* Build configuration list for PBXNativeTarget "AccentColorBug" */;
			buildPhases = (
				C60192F72DEDE0DC00F0C948 /* Sources */,
				C60192F82DEDE0DC00F0C948 /* Frameworks */,
				C60192F92DEDE0DC00F0C948 /* Resources */,
			);
			buildRules = (
			);
			dependencies = (
			);
			fileSystemSynchronizedGroups = (
				C60192FD2DEDE0DC00F0C948 /* AccentColorBug */,
			);
			name = AccentColorBug;
			packageProductDependencies = (
				C64FCFFE2DEDE79800D86FE1 /* StreamChat */,
				C64FD0002DEDE79800D86FE1 /* StreamChatUI */,
			);
			productName = AccentColorBug;
			productReference = C60192FB2DEDE0DC00F0C948 /* AccentColorBug.app */;
			productType = "com.apple.product-type.application";
		};
		C60193072DEDE0DE00F0C948 /* AccentColorBugTests */ = {
			isa = PBXNativeTarget;
			buildConfigurationList = C601931F2DEDE0DE00F0C948 /* Build configuration list for PBXNativeTarget "AccentColorBugTests" */;
			buildPhases = (
				C60193042DEDE0DE00F0C948 /* Sources */,
				C60193052DEDE0DE00F0C948 /* Frameworks */,
				C60193062DEDE0DE00F0C948 /* Resources */,
			);
			buildRules = (
			);
			dependencies = (
				C601930A2DEDE0DE00F0C948 /* PBXTargetDependency */,
			);
			fileSystemSynchronizedGroups = (
				C601930B2DEDE0DE00F0C948 /* AccentColorBugTests */,
			);
			name = AccentColorBugTests;
			packageProductDependencies = (
			);
			productName = AccentColorBugTests;
			productReference = C60193082DEDE0DE00F0C948 /* AccentColorBugTests.xctest */;
			productType = "com.apple.product-type.bundle.unit-test";
		};
		C60193112DEDE0DE00F0C948 /* AccentColorBugUITests */ = {
			isa = PBXNativeTarget;
			buildConfigurationList = C60193222DEDE0DE00F0C948 /* Build configuration list for PBXNativeTarget "AccentColorBugUITests" */;
			buildPhases = (
				C601930E2DEDE0DE00F0C948 /* Sources */,
				C601930F2DEDE0DE00F0C948 /* Frameworks */,
				C60193102DEDE0DE00F0C948 /* Resources */,
			);
			buildRules = (
			);
			dependencies = (
				C60193142DEDE0DE00F0C948 /* PBXTargetDependency */,
			);
			fileSystemSynchronizedGroups = (
				C60193152DEDE0DE00F0C948 /* AccentColorBugUITests */,
			);
			name = AccentColorBugUITests;
			packageProductDependencies = (
			);
			productName = AccentColorBugUITests;
			productReference = C60193122DEDE0DE00F0C948 /* AccentColorBugUITests.xctest */;
			productType = "com.apple.product-type.bundle.ui-testing";
		};
/* End PBXNativeTarget section */

/* Begin PBXProject section */
		C60192F32DEDE0DC00F0C948 /* Project object */ = {
			isa = PBXProject;
			attributes = {
				BuildIndependentTargetsInParallel = 1;
				LastSwiftUpdateCheck = 1640;
				LastUpgradeCheck = 1640;
				TargetAttributes = {
					C60192FA2DEDE0DC00F0C948 = {
						CreatedOnToolsVersion = 16.4;
					};
					C60193072DEDE0DE00F0C948 = {
						CreatedOnToolsVersion = 16.4;
						TestTargetID = C60192FA2DEDE0DC00F0C948;
					};
					C60193112DEDE0DE00F0C948 = {
						CreatedOnToolsVersion = 16.4;
						TestTargetID = C60192FA2DEDE0DC00F0C948;
					};
				};
			};
			buildConfigurationList = C60192F62DEDE0DC00F0C948 /* Build configuration list for PBXProject "AccentColorBug" */;
			developmentRegion = en;
			hasScannedForEncodings = 0;
			knownRegions = (
				en,
				Base,
			);
			mainGroup = C60192F22DEDE0DC00F0C948;
			minimizedProjectReferenceProxies = 1;
			packageReferences = (
				C64FCFFC2DEDE78300D86FE1 /* XCRemoteSwiftPackageReference "stream-chat-swift" */,
			);
			preferredProjectObjectVersion = 77;
			productRefGroup = C60192FC2DEDE0DC00F0C948 /* Products */;
			projectDirPath = "";
			projectRoot = "";
			targets = (
				C60192FA2DEDE0DC00F0C948 /* AccentColorBug */,
				C60193072DEDE0DE00F0C948 /* AccentColorBugTests */,
				C60193112DEDE0DE00F0C948 /* AccentColorBugUITests */,
			);
		};
/* End PBXProject section */

/* Begin PBXResourcesBuildPhase section */
		C60192F92DEDE0DC00F0C948 /* Resources */ = {
			isa = PBXResourcesBuildPhase;
			buildActionMask = 2147483647;
			files = (
			);
			runOnlyForDeploymentPostprocessing = 0;
		};
		C60193062DEDE0DE00F0C948 /* Resources */ = {
			isa = PBXResourcesBuildPhase;
			buildActionMask = 2147483647;
			files = (
			);
			runOnlyForDeploymentPostprocessing = 0;
		};
		C60193102DEDE0DE00F0C948 /* Resources */ = {
			isa = PBXResourcesBuildPhase;
			buildActionMask = 2147483647;
			files = (
			);
			runOnlyForDeploymentPostprocessing = 0;
		};
/* End PBXResourcesBuildPhase section */

/* Begin PBXSourcesBuildPhase section */
		C60192F72DEDE0DC00F0C948 /* Sources */ = {
			isa = PBXSourcesBuildPhase;
			buildActionMask = 2147483647;
			files = (
			);
			runOnlyForDeploymentPostprocessing = 0;
		};
		C60193042DEDE0DE00F0C948 /* Sources */ = {
			isa = PBXSourcesBuildPhase;
			buildActionMask = 2147483647;
			files = (
			);
			runOnlyForDeploymentPostprocessing = 0;
		};
		C601930E2DEDE0DE00F0C948 /* Sources */ = {
			isa = PBXSourcesBuildPhase;
			buildActionMask = 2147483647;
			files = (
			);
			runOnlyForDeploymentPostprocessing = 0;
		};
/* End PBXSourcesBuildPhase section */

/* Begin PBXTargetDependency section */
		C601930A2DEDE0DE00F0C948 /* PBXTargetDependency */ = {
			isa = PBXTargetDependency;
			target = C60192FA2DEDE0DC00F0C948 /* AccentColorBug */;
			targetProxy = C60193092DEDE0DE00F0C948 /* PBXContainerItemProxy */;
		};
		C60193142DEDE0DE00F0C948 /* PBXTargetDependency */ = {
			isa = PBXTargetDependency;
			target = C60192FA2DEDE0DC00F0C948 /* AccentColorBug */;
			targetProxy = C60193132DEDE0DE00F0C948 /* PBXContainerItemProxy */;
		};
/* End PBXTargetDependency section */

/* Begin XCBuildConfiguration section */
		C601931A2DEDE0DE00F0C948 /* Debug */ = {
			isa = XCBuildConfiguration;
			buildSettings = {
				ALWAYS_SEARCH_USER_PATHS = NO;
				ASSETCATALOG_COMPILER_GENERATE_SWIFT_ASSET_SYMBOL_EXTENSIONS = YES;
				CLANG_ANALYZER_NONNULL = YES;
				CLANG_ANALYZER_NUMBER_OBJECT_CONVERSION = YES_AGGRESSIVE;
				CLANG_CXX_LANGUAGE_STANDARD = "gnu++20";
				CLANG_ENABLE_MODULES = YES;
				CLANG_ENABLE_OBJC_ARC = YES;
				CLANG_ENABLE_OBJC_WEAK = YES;
				CLANG_WARN_BLOCK_CAPTURE_AUTORELEASING = YES;
				CLANG_WARN_BOOL_CONVERSION = YES;
				CLANG_WARN_COMMA = YES;
				CLANG_WARN_CONSTANT_CONVERSION = YES;
				CLANG_WARN_DEPRECATED_OBJC_IMPLEMENTATIONS = YES;
				CLANG_WARN_DIRECT_OBJC_ISA_USAGE = YES_ERROR;
				CLANG_WARN_DOCUMENTATION_COMMENTS = YES;
				CLANG_WARN_EMPTY_BODY = YES;
				CLANG_WARN_ENUM_CONVERSION = YES;
				CLANG_WARN_INFINITE_RECURSION = YES;
				CLANG_WARN_INT_CONVERSION = YES;
				CLANG_WARN_NON_LITERAL_NULL_CONVERSION = YES;
				CLANG_WARN_OBJC_IMPLICIT_RETAIN_SELF = YES;
				CLANG_WARN_OBJC_LITERAL_CONVERSION = YES;
				CLANG_WARN_OBJC_ROOT_CLASS = YES_ERROR;
				CLANG_WARN_QUOTED_INCLUDE_IN_FRAMEWORK_HEADER = YES;
				CLANG_WARN_RANGE_LOOP_ANALYSIS = YES;
				CLANG_WARN_STRICT_PROTOTYPES = YES;
				CLANG_WARN_SUSPICIOUS_MOVE = YES;
				CLANG_WARN_UNGUARDED_AVAILABILITY = YES_AGGRESSIVE;
				CLANG_WARN_UNREACHABLE_CODE = YES;
				CLANG_WARN__DUPLICATE_METHOD_MATCH = YES;
				COPY_PHASE_STRIP = NO;
				DEBUG_INFORMATION_FORMAT = dwarf;
				DEVELOPMENT_TEAM = NB56LY99TV;
				ENABLE_STRICT_OBJC_MSGSEND = YES;
				ENABLE_TESTABILITY = YES;
				ENABLE_USER_SCRIPT_SANDBOXING = YES;
				GCC_C_LANGUAGE_STANDARD = gnu17;
				GCC_DYNAMIC_NO_PIC = NO;
				GCC_NO_COMMON_BLOCKS = YES;
				GCC_OPTIMIZATION_LEVEL = 0;
				GCC_PREPROCESSOR_DEFINITIONS = (
					"DEBUG=1",
					"$(inherited)",
				);
				GCC_WARN_64_TO_32_BIT_CONVERSION = YES;
				GCC_WARN_ABOUT_RETURN_TYPE = YES_ERROR;
				GCC_WARN_UNDECLARED_SELECTOR = YES;
				GCC_WARN_UNINITIALIZED_AUTOS = YES_AGGRESSIVE;
				GCC_WARN_UNUSED_FUNCTION = YES;
				GCC_WARN_UNUSED_VARIABLE = YES;
				IPHONEOS_DEPLOYMENT_TARGET = 18.5;
				LOCALIZATION_PREFERS_STRING_CATALOGS = YES;
				MTL_ENABLE_DEBUG_INFO = INCLUDE_SOURCE;
				MTL_FAST_MATH = YES;
				ONLY_ACTIVE_ARCH = YES;
				SDKROOT = iphoneos;
				SWIFT_ACTIVE_COMPILATION_CONDITIONS = "DEBUG $(inherited)";
				SWIFT_OPTIMIZATION_LEVEL = "-Onone";
			};
			name = Debug;
		};
		C601931B2DEDE0DE00F0C948 /* Release */ = {
			isa = XCBuildConfiguration;
			buildSettings = {
				ALWAYS_SEARCH_USER_PATHS = NO;
				ASSETCATALOG_COMPILER_GENERATE_SWIFT_ASSET_SYMBOL_EXTENSIONS = YES;
				CLANG_ANALYZER_NONNULL = YES;
				CLANG_ANALYZER_NUMBER_OBJECT_CONVERSION = YES_AGGRESSIVE;
				CLANG_CXX_LANGUAGE_STANDARD = "gnu++20";
				CLANG_ENABLE_MODULES = YES;
				CLANG_ENABLE_OBJC_ARC = YES;
				CLANG_ENABLE_OBJC_WEAK = YES;
				CLANG_WARN_BLOCK_CAPTURE_AUTORELEASING = YES;
				CLANG_WARN_BOOL_CONVERSION = YES;
				CLANG_WARN_COMMA = YES;
				CLANG_WARN_CONSTANT_CONVERSION = YES;
				CLANG_WARN_DEPRECATED_OBJC_IMPLEMENTATIONS = YES;
				CLANG_WARN_DIRECT_OBJC_ISA_USAGE = YES_ERROR;
				CLANG_WARN_DOCUMENTATION_COMMENTS = YES;
				CLANG_WARN_EMPTY_BODY = YES;
				CLANG_WARN_ENUM_CONVERSION = YES;
				CLANG_WARN_INFINITE_RECURSION = YES;
				CLANG_WARN_INT_CONVERSION = YES;
				CLANG_WARN_NON_LITERAL_NULL_CONVERSION = YES;
				CLANG_WARN_OBJC_IMPLICIT_RETAIN_SELF = YES;
				CLANG_WARN_OBJC_LITERAL_CONVERSION = YES;
				CLANG_WARN_OBJC_ROOT_CLASS = YES_ERROR;
				CLANG_WARN_QUOTED_INCLUDE_IN_FRAMEWORK_HEADER = YES;
				CLANG_WARN_RANGE_LOOP_ANALYSIS = YES;
				CLANG_WARN_STRICT_PROTOTYPES = YES;
				CLANG_WARN_SUSPICIOUS_MOVE = YES;
				CLANG_WARN_UNGUARDED_AVAILABILITY = YES_AGGRESSIVE;
				CLANG_WARN_UNREACHABLE_CODE = YES;
				CLANG_WARN__DUPLICATE_METHOD_MATCH = YES;
				COPY_PHASE_STRIP = NO;
				DEBUG_INFORMATION_FORMAT = "dwarf-with-dsym";
				DEVELOPMENT_TEAM = NB56LY99TV;
				ENABLE_NS_ASSERTIONS = NO;
				ENABLE_STRICT_OBJC_MSGSEND = YES;
				ENABLE_USER_SCRIPT_SANDBOXING = YES;
				GCC_C_LANGUAGE_STANDARD = gnu17;
				GCC_NO_COMMON_BLOCKS = YES;
				GCC_WARN_64_TO_32_BIT_CONVERSION = YES;
				GCC_WARN_ABOUT_RETURN_TYPE = YES_ERROR;
				GCC_WARN_UNDECLARED_SELECTOR = YES;
				GCC_WARN_UNINITIALIZED_AUTOS = YES_AGGRESSIVE;
				GCC_WARN_UNUSED_FUNCTION = YES;
				GCC_WARN_UNUSED_VARIABLE = YES;
				IPHONEOS_DEPLOYMENT_TARGET = 18.5;
				LOCALIZATION_PREFERS_STRING_CATALOGS = YES;
				MTL_ENABLE_DEBUG_INFO = NO;
				MTL_FAST_MATH = YES;
				SDKROOT = iphoneos;
				SWIFT_COMPILATION_MODE = wholemodule;
				VALIDATE_PRODUCT = YES;
			};
			name = Release;
		};
		C601931D2DEDE0DE00F0C948 /* Debug */ = {
			isa = XCBuildConfiguration;
			buildSettings = {
				ASSETCATALOG_COMPILER_APPICON_NAME = AppIcon;
				ASSETCATALOG_COMPILER_GLOBAL_ACCENT_COLOR_NAME = AccentColor;
				CODE_SIGN_STYLE = Automatic;
				CURRENT_PROJECT_VERSION = 1;
				DEVELOPMENT_TEAM = NB56LY99TV;
				ENABLE_PREVIEWS = YES;
				GENERATE_INFOPLIST_FILE = YES;
				INFOPLIST_KEY_UIApplicationSceneManifest_Generation = YES;
				INFOPLIST_KEY_UIApplicationSupportsIndirectInputEvents = YES;
				INFOPLIST_KEY_UILaunchScreen_Generation = YES;
				INFOPLIST_KEY_UISupportedInterfaceOrientations_iPad = "UIInterfaceOrientationPortrait UIInterfaceOrientationPortraitUpsideDown UIInterfaceOrientationLandscapeLeft UIInterfaceOrientationLandscapeRight";
				INFOPLIST_KEY_UISupportedInterfaceOrientations_iPhone = "UIInterfaceOrientationPortrait UIInterfaceOrientationLandscapeLeft UIInterfaceOrientationLandscapeRight";
				IPHONEOS_DEPLOYMENT_TARGET = 18;
				LD_RUNPATH_SEARCH_PATHS = (
					"$(inherited)",
					"@executable_path/Frameworks",
				);
				MARKETING_VERSION = 1.0;
				PRODUCT_BUNDLE_IDENTIFIER = fifr.AccentColorBug;
				PRODUCT_NAME = "$(TARGET_NAME)";
				SWIFT_EMIT_LOC_STRINGS = YES;
				SWIFT_VERSION = 5.0;
				TARGETED_DEVICE_FAMILY = "1,2";
			};
			name = Debug;
		};
		C601931E2DEDE0DE00F0C948 /* Release */ = {
			isa = XCBuildConfiguration;
			buildSettings = {
				ASSETCATALOG_COMPILER_APPICON_NAME = AppIcon;
				ASSETCATALOG_COMPILER_GLOBAL_ACCENT_COLOR_NAME = AccentColor;
				CODE_SIGN_STYLE = Automatic;
				CURRENT_PROJECT_VERSION = 1;
				DEVELOPMENT_TEAM = NB56LY99TV;
				ENABLE_PREVIEWS = YES;
				GENERATE_INFOPLIST_FILE = YES;
				INFOPLIST_KEY_UIApplicationSceneManifest_Generation = YES;
				INFOPLIST_KEY_UIApplicationSupportsIndirectInputEvents = YES;
				INFOPLIST_KEY_UILaunchScreen_Generation = YES;
				INFOPLIST_KEY_UISupportedInterfaceOrientations_iPad = "UIInterfaceOrientationPortrait UIInterfaceOrientationPortraitUpsideDown UIInterfaceOrientationLandscapeLeft UIInterfaceOrientationLandscapeRight";
				INFOPLIST_KEY_UISupportedInterfaceOrientations_iPhone = "UIInterfaceOrientationPortrait UIInterfaceOrientationLandscapeLeft UIInterfaceOrientationLandscapeRight";
				IPHONEOS_DEPLOYMENT_TARGET = 18;
				LD_RUNPATH_SEARCH_PATHS = (
					"$(inherited)",
					"@executable_path/Frameworks",
				);
				MARKETING_VERSION = 1.0;
				PRODUCT_BUNDLE_IDENTIFIER = fifr.AccentColorBug;
				PRODUCT_NAME = "$(TARGET_NAME)";
				SWIFT_EMIT_LOC_STRINGS = YES;
				SWIFT_VERSION = 5.0;
				TARGETED_DEVICE_FAMILY = "1,2";
			};
			name = Release;
		};
		C60193202DEDE0DE00F0C948 /* Debug */ = {
			isa = XCBuildConfiguration;
			buildSettings = {
				BUNDLE_LOADER = "$(TEST_HOST)";
				CODE_SIGN_STYLE = Automatic;
				CURRENT_PROJECT_VERSION = 1;
				DEVELOPMENT_TEAM = NB56LY99TV;
				GENERATE_INFOPLIST_FILE = YES;
				IPHONEOS_DEPLOYMENT_TARGET = 18.5;
				MARKETING_VERSION = 1.0;
				PRODUCT_BUNDLE_IDENTIFIER = fifr.AccentColorBugTests;
				PRODUCT_NAME = "$(TARGET_NAME)";
				SWIFT_EMIT_LOC_STRINGS = NO;
				SWIFT_VERSION = 5.0;
				TARGETED_DEVICE_FAMILY = "1,2";
				TEST_HOST = "$(BUILT_PRODUCTS_DIR)/AccentColorBug.app/$(BUNDLE_EXECUTABLE_FOLDER_PATH)/AccentColorBug";
			};
			name = Debug;
		};
		C60193212DEDE0DE00F0C948 /* Release */ = {
			isa = XCBuildConfiguration;
			buildSettings = {
				BUNDLE_LOADER = "$(TEST_HOST)";
				CODE_SIGN_STYLE = Automatic;
				CURRENT_PROJECT_VERSION = 1;
				DEVELOPMENT_TEAM = NB56LY99TV;
				GENERATE_INFOPLIST_FILE = YES;
				IPHONEOS_DEPLOYMENT_TARGET = 18.5;
				MARKETING_VERSION = 1.0;
				PRODUCT_BUNDLE_IDENTIFIER = fifr.AccentColorBugTests;
				PRODUCT_NAME = "$(TARGET_NAME)";
				SWIFT_EMIT_LOC_STRINGS = NO;
				SWIFT_VERSION = 5.0;
				TARGETED_DEVICE_FAMILY = "1,2";
				TEST_HOST = "$(BUILT_PRODUCTS_DIR)/AccentColorBug.app/$(BUNDLE_EXECUTABLE_FOLDER_PATH)/AccentColorBug";
			};
			name = Release;
		};
		C60193232DEDE0DE00F0C948 /* Debug */ = {
			isa = XCBuildConfiguration;
			buildSettings = {
				CODE_SIGN_STYLE = Automatic;
				CURRENT_PROJECT_VERSION = 1;
				DEVELOPMENT_TEAM = NB56LY99TV;
				GENERATE_INFOPLIST_FILE = YES;
				MARKETING_VERSION = 1.0;
				PRODUCT_BUNDLE_IDENTIFIER = fifr.AccentColorBugUITests;
				PRODUCT_NAME = "$(TARGET_NAME)";
				SWIFT_EMIT_LOC_STRINGS = NO;
				SWIFT_VERSION = 5.0;
				TARGETED_DEVICE_FAMILY = "1,2";
				TEST_TARGET_NAME = AccentColorBug;
			};
			name = Debug;
		};
		C60193242DEDE0DE00F0C948 /* Release */ = {
			isa = XCBuildConfiguration;
			buildSettings = {
				CODE_SIGN_STYLE = Automatic;
				CURRENT_PROJECT_VERSION = 1;
				DEVELOPMENT_TEAM = NB56LY99TV;
				GENERATE_INFOPLIST_FILE = YES;
				MARKETING_VERSION = 1.0;
				PRODUCT_BUNDLE_IDENTIFIER = fifr.AccentColorBugUITests;
				PRODUCT_NAME = "$(TARGET_NAME)";
				SWIFT_EMIT_LOC_STRINGS = NO;
				SWIFT_VERSION = 5.0;
				TARGETED_DEVICE_FAMILY = "1,2";
				TEST_TARGET_NAME = AccentColorBug;
			};
			name = Release;
		};
/* End XCBuildConfiguration section */

/* Begin XCConfigurationList section */
		C60192F62DEDE0DC00F0C948 /* Build configuration list for PBXProject "AccentColorBug" */ = {
			isa = XCConfigurationList;
			buildConfigurations = (
				C601931A2DEDE0DE00F0C948 /* Debug */,
				C601931B2DEDE0DE00F0C948 /* Release */,
			);
			defaultConfigurationIsVisible = 0;
			defaultConfigurationName = Release;
		};
		C601931C2DEDE0DE00F0C948 /* Build configuration list for PBXNativeTarget "AccentColorBug" */ = {
			isa = XCConfigurationList;
			buildConfigurations = (
				C601931D2DEDE0DE00F0C948 /* Debug */,
				C601931E2DEDE0DE00F0C948 /* Release */,
			);
			defaultConfigurationIsVisible = 0;
			defaultConfigurationName = Release;
		};
		C601931F2DEDE0DE00F0C948 /* Build configuration list for PBXNativeTarget "AccentColorBugTests" */ = {
			isa = XCConfigurationList;
			buildConfigurations = (
				C60193202DEDE0DE00F0C948 /* Debug */,
				C60193212DEDE0DE00F0C948 /* Release */,
			);
			defaultConfigurationIsVisible = 0;
			defaultConfigurationName = Release;
		};
		C60193222DEDE0DE00F0C948 /* Build configuration list for PBXNativeTarget "AccentColorBugUITests" */ = {
			isa = XCConfigurationList;
			buildConfigurations = (
				C60193232DEDE0DE00F0C948 /* Debug */,
				C60193242DEDE0DE00F0C948 /* Release */,
			);
			defaultConfigurationIsVisible = 0;
			defaultConfigurationName = Release;
		};
/* End XCConfigurationList section */

/* Begin XCRemoteSwiftPackageReference section */
		C64FCFFC2DEDE78300D86FE1 /* XCRemoteSwiftPackageReference "stream-chat-swift" */ = {
			isa = XCRemoteSwiftPackageReference;
			repositoryURL = "https://github.com/getstream/stream-chat-swift";
			requirement = {
				kind = upToNextMajorVersion;
				minimumVersion = 4.79.0;
			};
		};
/* End XCRemoteSwiftPackageReference section */

/* Begin XCSwiftPackageProductDependency section */
		C64FCFFE2DEDE79800D86FE1 /* StreamChat */ = {
			isa = XCSwiftPackageProductDependency;
			package = C64FCFFC2DEDE78300D86FE1 /* XCRemoteSwiftPackageReference "stream-chat-swift" */;
			productName = StreamChat;
		};
		C64FD0002DEDE79800D86FE1 /* StreamChatUI */ = {
			isa = XCSwiftPackageProductDependency;
			package = C64FCFFC2DEDE78300D86FE1 /* XCRemoteSwiftPackageReference "stream-chat-swift" */;
			productName = StreamChatUI;
		};
/* End XCSwiftPackageProductDependency section */
	};
	rootObject = C60192F32DEDE0DC00F0C948 /* Project object */;
}
